{
  "name": "ffmvu-lumiverse-migration-core",
  "version": "0.13.25",
  "lockfileVersion": 3,
  "requires": true,
  "packages": {
    "": {
      "name": "ffmvu-lumiverse-migration-core",
      "version": "0.13.25",
      "devDependencies": {
        "lumiverse-spindle-types": "0.6.16",
        "typescript": "5.8.3"
      }
    },
    "node_modules/lumiverse-spindle-types": {
      "version": "0.6.16",
      "resolved": "https://registry.npmjs.org/lumiverse-spindle-types/-/lumiverse-spindle-types-0.6.16.tgz",
      "integrity": "sha512-b4qzv+Gdu46sxRNnvG46Xq7B68vLbchH48j6qUlb8Ae+Fq9tq8zUJDw2udryFiUaNnk7Ep5WpV4DyaxfoYy9ug==",
      "dev": true,
      "license": "SEE LICENSE IN LICENSE.md"
    },
    "node_modules/typescript": {
      "version": "5.8.3",
      "resolved": "https://registry.npmjs.org/typescript/-/typescript-5.8.3.tgz",
      "integrity": "sha512-p1diW6TqL9L07nNxvRMM7hMMw4c5XOo/1ibL4aAIGmSAt9slTE1Xgw5KWuof2uTOvCg9BY7ZRi+GaF+7sfgPeQ==",
      "dev": true,
      "license": "Apache-2.0",
      "bin": {
        "tsc": "bin/tsc",
        "tsserver": "bin/tsserver"
      },
      "engines": {
        "node": ">=14.17"
      }
    }
  }
}
